
Microsoft Visual Studio Solution File, Format Version 12.00
# Visual Studio Version 16
VisualStudioVersion = 16.0.30523.141
MinimumVisualStudioVersion = 10.0.40219.1
Project("{FAE04EC0-301F-11D3-BF4B-00C04F79EFBC}") = "WhitelistExpansion", "WhitelistExpansion.csproj", "{04FC452B-C0B9-4385-9405-A7CFEBFE6ACB}"
EndProject
Global
	GlobalSection(SolutionConfigurationPlatforms) = preSolution
		Debug|Any CPU = Debug|Any CPU
		Release|Any CPU = Release|Any CPU
	EndGlobalSection
	GlobalSection(ProjectConfigurationPlatforms) = postSolution
		{04FC452B-C0B9-4385-9405-A7CFEBFE6ACB}.Debug|Any CPU.ActiveCfg = Debug|Any CPU
		{04FC452B-C0B9-4385-9405-A7CFEBFE6ACB}.Debug|Any CPU.Build.0 = Debug|Any CPU
		{04FC452B-C0B9-4385-9405-A7CFEBFE6ACB}.Release|Any CPU.ActiveCfg = Release|Any CPU
		{04FC452B-C0B9-4385-9405-A7CFEBFE6ACB}.Release|Any CPU.Build.0 = Release|Any CPU
	EndGlobalSection
	GlobalSection(SolutionProperties) = preSolution
		HideSolutionNode = FALSE
	EndGlobalSection
	GlobalSection(ExtensibilityGlobals) = postSolution
		SolutionGuid = {844FA222-5984-4BFC-B2F6-29302CE79F51}
	EndGlobalSection
EndGlobal
